// !$*UTF8*$!
{
	archiveVersion = 1;
	classes = {
	};
	objectVersion = 55;
	objects = {

/* Begin PBXBuildFile section */
		BDE4FBBA28B24F1F001FCEC1 /* AppDelegate.swift in Sources */ = {isa = PBXBuildFile; fileRef = BDE4FBB928B24F1F001FCEC1 /* AppDelegate.swift */; };
		BDE4FBBC28B24F1F001FCEC1 /* SceneDelegate.swift in Sources */ = {isa = PBXBuildFile; fileRef = BDE4FBBB28B24F1F001FCEC1 /* SceneDelegate.swift */; };
		BDE4FBBE28B24F1F001FCEC1 /* LandingViewController.swift in Sources */ = {isa = PBXBuildFile; fileRef = BDE4FBBD28B24F1F001FCEC1 /* LandingViewController.swift */; };
		BDE4FBC128B24F1F001FCEC1 /* Main.storyboard in Resources */ = {isa = PBXBuildFile; fileRef = BDE4FBBF28B24F1F001FCEC1 /* Main.storyboard */; };
		BDE4FBC328B24F22001FCEC1 /* Assets.xcassets in Resources */ = {isa = PBXBuildFile; fileRef = BDE4FBC228B24F22001FCEC1 /* Assets.xcassets */; };
		BDE4FBC628B24F22001FCEC1 /* LaunchScreen.storyboard in Resources */ = {isa = PBXBuildFile; fileRef = BDE4FBC428B24F22001FCEC1 /* LaunchScreen.storyboard */; };
		BDE4FBD028B24FF6001FCEC1 /* UIImageView+Caching.swift in Sources */ = {isa = PBXBuildFile; fileRef = BDE4FBCF28B24FF6001FCEC1 /* UIImageView+Caching.swift */; };
		BDE4FBD228B2501E001FCEC1 /* UIViewController+HideKeyboard.swift in Sources */ = {isa = PBXBuildFile; fileRef = BDE4FBD128B2501E001FCEC1 /* UIViewController+HideKeyboard.swift */; };
		BDE4FBD428B25044001FCEC1 /* Loader.swift in Sources */ = {isa = PBXBuildFile; fileRef = BDE4FBD328B25044001FCEC1 /* Loader.swift */; };
		BDE4FBF228B35BF6001FCEC1 /* FlowerTableViewCell.swift in Sources */ = {isa = PBXBuildFile; fileRef = BDE4FBF028B35BF6001FCEC1 /* FlowerTableViewCell.swift */; };
		BDE4FBF328B35BF6001FCEC1 /* FlowerTableViewCell.xib in Resources */ = {isa = PBXBuildFile; fileRef = BDE4FBF128B35BF6001FCEC1 /* FlowerTableViewCell.xib */; };
		BDE4FBF528B35F97001FCEC1 /* LandingModel.swift in Sources */ = {isa = PBXBuildFile; fileRef = BDE4FBF428B35F97001FCEC1 /* LandingModel.swift */; };
		BDE4FBF828B4A5AC001FCEC1 /* FlowerRestStore.swift in Sources */ = {isa = PBXBuildFile; fileRef = BDE4FBF728B4A5AC001FCEC1 /* FlowerRestStore.swift */; };
		BDE4FBFA28B4A5F6001FCEC1 /* FlowerApiModel.swift in Sources */ = {isa = PBXBuildFile; fileRef = BDE4FBF928B4A5F5001FCEC1 /* FlowerApiModel.swift */; };
		BDE4FBFC28B4A990001FCEC1 /* LandingInteractor.swift in Sources */ = {isa = PBXBuildFile; fileRef = BDE4FBFB28B4A990001FCEC1 /* LandingInteractor.swift */; };
		BDE4FBFE28B4A99A001FCEC1 /* LandingPresenter.swift in Sources */ = {isa = PBXBuildFile; fileRef = BDE4FBFD28B4A99A001FCEC1 /* LandingPresenter.swift */; };
/* End PBXBuildFile section */

/* Begin PBXFileReference section */
		BDE4FBB628B24F1F001FCEC1 /* flower-list.app */ = {isa = PBXFileReference; explicitFileType = wrapper.application; includeInIndex = 0; path = "flower-list.app"; sourceTree = BUILT_PRODUCTS_DIR; };
		BDE4FBB928B24F1F001FCEC1 /* AppDelegate.swift */ = {isa = PBXFileReference; lastKnownFileType = sourcecode.swift; path = AppDelegate.swift; sourceTree = "<group>"; };
		BDE4FBBB28B24F1F001FCEC1 /* SceneDelegate.swift */ = {isa = PBXFileReference; lastKnownFileType = sourcecode.swift; path = SceneDelegate.swift; sourceTree = "<group>"; };
		BDE4FBBD28B24F1F001FCEC1 /* LandingViewController.swift */ = {isa = PBXFileReference; lastKnownFileType = sourcecode.swift; path = LandingViewController.swift; sourceTree = "<group>"; };
		BDE4FBC028B24F1F001FCEC1 /* Base */ = {isa = PBXFileReference; lastKnownFileType = file.storyboard; name = Base; path = Base.lproj/Main.storyboard; sourceTree = "<group>"; };
		BDE4FBC228B24F22001FCEC1 /* Assets.xcassets */ = {isa = PBXFileReference; lastKnownFileType = folder.assetcatalog; path = Assets.xcassets; sourceTree = "<group>"; };
		BDE4FBC528B24F22001FCEC1 /* Base */ = {isa = PBXFileReference; lastKnownFileType = file.storyboard; name = Base; path = Base.lproj/LaunchScreen.storyboard; sourceTree = "<group>"; };
		BDE4FBC728B24F22001FCEC1 /* Info.plist */ = {isa = PBXFileReference; lastKnownFileType = text.plist.xml; path = Info.plist; sourceTree = "<group>"; };
		BDE4FBCF28B24FF6001FCEC1 /* UIImageView+Caching.swift */ = {isa = PBXFileReference; lastKnownFileType = sourcecode.swift; path = "UIImageView+Caching.swift"; sourceTree = "<group>"; };
		BDE4FBD128B2501E001FCEC1 /* UIViewController+HideKeyboard.swift */ = {isa = PBXFileReference; lastKnownFileType = sourcecode.swift; path = "UIViewController+HideKeyboard.swift"; sourceTree = "<group>"; };
		BDE4FBD328B25044001FCEC1 /* Loader.swift */ = {isa = PBXFileReference; lastKnownFileType = sourcecode.swift; path = Loader.swift; sourceTree = "<group>"; };
		BDE4FBF028B35BF6001FCEC1 /* FlowerTableViewCell.swift */ = {isa = PBXFileReference; lastKnownFileType = sourcecode.swift; path = FlowerTableViewCell.swift; sourceTree = "<group>"; };
		BDE4FBF128B35BF6001FCEC1 /* FlowerTableViewCell.xib */ = {isa = PBXFileReference; lastKnownFileType = file.xib; path = FlowerTableViewCell.xib; sourceTree = "<group>"; };
		BDE4FBF428B35F97001FCEC1 /* LandingModel.swift */ = {isa = PBXFileReference; lastKnownFileType = sourcecode.swift; path = LandingModel.swift; sourceTree = "<group>"; };
		BDE4FBF728B4A5AC001FCEC1 /* FlowerRestStore.swift */ = {isa = PBXFileReference; lastKnownFileType = sourcecode.swift; path = FlowerRestStore.swift; sourceTree = "<group>"; };
		BDE4FBF928B4A5F5001FCEC1 /* FlowerApiModel.swift */ = {isa = PBXFileReference; lastKnownFileType = sourcecode.swift; path = FlowerApiModel.swift; sourceTree = "<group>"; };
		BDE4FBFB28B4A990001FCEC1 /* LandingInteractor.swift */ = {isa = PBXFileReference; lastKnownFileType = sourcecode.swift; path = LandingInteractor.swift; sourceTree = "<group>"; };
		BDE4FBFD28B4A99A001FCEC1 /* LandingPresenter.swift */ = {isa = PBXFileReference; lastKnownFileType = sourcecode.swift; path = LandingPresenter.swift; sourceTree = "<group>"; };
/* End PBXFileReference section */

/* Begin PBXFrameworksBuildPhase section */
		BDE4FBB328B24F1F001FCEC1 /* Frameworks */ = {
			isa = PBXFrameworksBuildPhase;
			buildActionMask = 2147483647;
			files = (
			);
			runOnlyForDeploymentPostprocessing = 0;
		};
/* End PBXFrameworksBuildPhase section */

/* Begin PBXGroup section */
		BDE4FBAD28B24F1F001FCEC1 = {
			isa = PBXGroup;
			children = (
				BDE4FBB828B24F1F001FCEC1 /* flower-list */,
				BDE4FBB728B24F1F001FCEC1 /* Products */,
			);
			sourceTree = "<group>";
		};
		BDE4FBB728B24F1F001FCEC1 /* Products */ = {
			isa = PBXGroup;
			children = (
				BDE4FBB628B24F1F001FCEC1 /* flower-list.app */,
			);
			name = Products;
			sourceTree = "<group>";
		};
		BDE4FBB828B24F1F001FCEC1 /* flower-list */ = {
			isa = PBXGroup;
			children = (
				BDE4FBF628B4A560001FCEC1 /* API */,
				BDE4FBED28B35635001FCEC1 /* Scenes */,
				BDE4FBCD28B24FAD001FCEC1 /* Views */,
				BDE4FBCE28B24FB2001FCEC1 /* Extensions */,
				BDE4FBB928B24F1F001FCEC1 /* AppDelegate.swift */,
				BDE4FBBB28B24F1F001FCEC1 /* SceneDelegate.swift */,
				BDE4FBBF28B24F1F001FCEC1 /* Main.storyboard */,
				BDE4FBC228B24F22001FCEC1 /* Assets.xcassets */,
				BDE4FBC428B24F22001FCEC1 /* LaunchScreen.storyboard */,
				BDE4FBC728B24F22001FCEC1 /* Info.plist */,
			);
			path = "flower-list";
			sourceTree = "<group>";
		};
		BDE4FBCD28B24FAD001FCEC1 /* Views */ = {
			isa = PBXGroup;
			children = (
				BDE4FBEF28B35BCB001FCEC1 /* FlowerTableViewCell */,
				BDE4FBD328B25044001FCEC1 /* Loader.swift */,
			);
			path = Views;
			sourceTree = "<group>";
		};
		BDE4FBCE28B24FB2001FCEC1 /* Extensions */ = {
			isa = PBXGroup;
			children = (
				BDE4FBCF28B24FF6001FCEC1 /* UIImageView+Caching.swift */,
				BDE4FBD128B2501E001FCEC1 /* UIViewController+HideKeyboard.swift */,
			);
			path = Extensions;
			sourceTree = "<group>";
		};
		BDE4FBED28B35635001FCEC1 /* Scenes */ = {
			isa = PBXGroup;
			children = (
				BDE4FBEE28B3563B001FCEC1 /* Landing */,
			);
			path = Scenes;
			sourceTree = "<group>";
		};
		BDE4FBEE28B3563B001FCEC1 /* Landing */ = {
			isa = PBXGroup;
			children = (
				BDE4FBBD28B24F1F001FCEC1 /* LandingViewController.swift */,
				BDE4FBF428B35F97001FCEC1 /* LandingModel.swift */,
				BDE4FBFB28B4A990001FCEC1 /* LandingInteractor.swift */,
				BDE4FBFD28B4A99A001FCEC1 /* LandingPresenter.swift */,
			);
			path = Landing;
			sourceTree = "<group>";
		};
		BDE4FBEF28B35BCB001FCEC1 /* FlowerTableViewCell */ = {
			isa = PBXGroup;
			children = (
				BDE4FBF028B35BF6001FCEC1 /* FlowerTableViewCell.swift */,
				BDE4FBF128B35BF6001FCEC1 /* FlowerTableViewCell.xib */,
			);
			path = FlowerTableViewCell;
			sourceTree = "<group>";
		};
		BDE4FBF628B4A560001FCEC1 /* API */ = {
			isa = PBXGroup;
			children = (
				BDE4FBF728B4A5AC001FCEC1 /* FlowerRestStore.swift */,
				BDE4FBF928B4A5F5001FCEC1 /* FlowerApiModel.swift */,
			);
			path = API;
			sourceTree = "<group>";
		};
/* End PBXGroup section */

/* Begin PBXNativeTarget section */
		BDE4FBB528B24F1F001FCEC1 /* flower-list */ = {
			isa = PBXNativeTarget;
			buildConfigurationList = BDE4FBCA28B24F22001FCEC1 /* Build configuration list for PBXNativeTarget "flower-list" */;
			buildPhases = (
				BDE4FBB228B24F1F001FCEC1 /* Sources */,
				BDE4FBB328B24F1F001FCEC1 /* Frameworks */,
				BDE4FBB428B24F1F001FCEC1 /* Resources */,
			);
			buildRules = (
			);
			dependencies = (
			);
			name = "flower-list";
			productName = "flower-list";
			productReference = BDE4FBB628B24F1F001FCEC1 /* flower-list.app */;
			productType = "com.apple.product-type.application";
		};
/* End PBXNativeTarget section */

/* Begin PBXProject section */
		BDE4FBAE28B24F1F001FCEC1 /* Project object */ = {
			isa = PBXProject;
			attributes = {
				BuildIndependentTargetsInParallel = 1;
				LastSwiftUpdateCheck = 1300;
				LastUpgradeCheck = 1300;
				TargetAttributes = {
					BDE4FBB528B24F1F001FCEC1 = {
						CreatedOnToolsVersion = 13.0;
					};
				};
			};
			buildConfigurationList = BDE4FBB128B24F1F001FCEC1 /* Build configuration list for PBXProject "flower-list" */;
			compatibilityVersion = "Xcode 13.0";
			developmentRegion = en;
			hasScannedForEncodings = 0;
			knownRegions = (
				en,
				Base,
			);
			mainGroup = BDE4FBAD28B24F1F001FCEC1;
			productRefGroup = BDE4FBB728B24F1F001FCEC1 /* Products */;
			projectDirPath = "";
			projectRoot = "";
			targets = (
				BDE4FBB528B24F1F001FCEC1 /* flower-list */,
			);
		};
/* End PBXProject section */

/* Begin PBXResourcesBuildPhase section */
		BDE4FBB428B24F1F001FCEC1 /* Resources */ = {
			isa = PBXResourcesBuildPhase;
			buildActionMask = 2147483647;
			files = (
				BDE4FBC628B24F22001FCEC1 /* LaunchScreen.storyboard in Resources */,
				BDE4FBC328B24F22001FCEC1 /* Assets.xcassets in Resources */,
				BDE4FBF328B35BF6001FCEC1 /* FlowerTableViewCell.xib in Resources */,
				BDE4FBC128B24F1F001FCEC1 /* Main.storyboard in Resources */,
			);
			runOnlyForDeploymentPostprocessing = 0;
		};
/* End PBXResourcesBuildPhase section */

/* Begin PBXSourcesBuildPhase section */
		BDE4FBB228B24F1F001FCEC1 /* Sources */ = {
			isa = PBXSourcesBuildPhase;
			buildActionMask = 2147483647;
			files = (
				BDE4FBFC28B4A990001FCEC1 /* LandingInteractor.swift in Sources */,
				BDE4FBD028B24FF6001FCEC1 /* UIImageView+Caching.swift in Sources */,
				BDE4FBFA28B4A5F6001FCEC1 /* FlowerApiModel.swift in Sources */,
				BDE4FBBE28B24F1F001FCEC1 /* LandingViewController.swift in Sources */,
				BDE4FBD428B25044001FCEC1 /* Loader.swift in Sources */,
				BDE4FBF528B35F97001FCEC1 /* LandingModel.swift in Sources */,
				BDE4FBBA28B24F1F001FCEC1 /* AppDelegate.swift in Sources */,
				BDE4FBF828B4A5AC001FCEC1 /* FlowerRestStore.swift in Sources */,
				BDE4FBBC28B24F1F001FCEC1 /* SceneDelegate.swift in Sources */,
				BDE4FBF228B35BF6001FCEC1 /* FlowerTableViewCell.swift in Sources */,
				BDE4FBFE28B4A99A001FCEC1 /* LandingPresenter.swift in Sources */,
				BDE4FBD228B2501E001FCEC1 /* UIViewController+HideKeyboard.swift in Sources */,
			);
			runOnlyForDeploymentPostprocessing = 0;
		};
/* End PBXSourcesBuildPhase section */

/* Begin PBXVariantGroup section */
		BDE4FBBF28B24F1F001FCEC1 /* Main.storyboard */ = {
			isa = PBXVariantGroup;
			children = (
				BDE4FBC028B24F1F001FCEC1 /* Base */,
			);
			name = Main.storyboard;
			sourceTree = "<group>";
		};
		BDE4FBC428B24F22001FCEC1 /* LaunchScreen.storyboard */ = {
			isa = PBXVariantGroup;
			children = (
				BDE4FBC528B24F22001FCEC1 /* Base */,
			);
			name = LaunchScreen.storyboard;
			sourceTree = "<group>";
		};
/* End PBXVariantGroup section */

/* Begin XCBuildConfiguration section */
		BDE4FBC828B24F22001FCEC1 /* Debug */ = {
			isa = XCBuildConfiguration;
			buildSettings = {
				ALWAYS_SEARCH_USER_PATHS = NO;
				CLANG_ANALYZER_NONNULL = YES;
				CLANG_ANALYZER_NUMBER_OBJECT_CONVERSION = YES_AGGRESSIVE;
				CLANG_CXX_LANGUAGE_STANDARD = "gnu++17";
				CLANG_CXX_LIBRARY = "libc++";
				CLANG_ENABLE_MODULES = YES;
				CLANG_ENABLE_OBJC_ARC = YES;
				CLANG_ENABLE_OBJC_WEAK = YES;
				CLANG_WARN_BLOCK_CAPTURE_AUTORELEASING = YES;
				CLANG_WARN_BOOL_CONVERSION = YES;
				CLANG_WARN_COMMA = YES;
				CLANG_WARN_CONSTANT_CONVERSION = YES;
				CLANG_WARN_DEPRECATED_OBJC_IMPLEMENTATIONS = YES;
				CLANG_WARN_DIRECT_OBJC_ISA_USAGE = YES_ERROR;
				CLANG_WARN_DOCUMENTATION_COMMENTS = YES;
				CLANG_WARN_EMPTY_BODY = YES;
				CLANG_WARN_ENUM_CONVERSION = YES;
				CLANG_WARN_INFINITE_RECURSION = YES;
				CLANG_WARN_INT_CONVERSION = YES;
				CLANG_WARN_NON_LITERAL_NULL_CONVERSION = YES;
				CLANG_WARN_OBJC_IMPLICIT_RETAIN_SELF = YES;
				CLANG_WARN_OBJC_LITERAL_CONVERSION = YES;
				CLANG_WARN_OBJC_ROOT_CLASS = YES_ERROR;
				CLANG_WARN_QUOTED_INCLUDE_IN_FRAMEWORK_HEADER = YES;
				CLANG_WARN_RANGE_LOOP_ANALYSIS = YES;
				CLANG_WARN_STRICT_PROTOTYPES = YES;
				CLANG_WARN_SUSPICIOUS_MOVE = YES;
				CLANG_WARN_UNGUARDED_AVAILABILITY = YES_AGGRESSIVE;
				CLANG_WARN_UNREACHABLE_CODE = YES;
				CLANG_WARN__DUPLICATE_METHOD_MATCH = YES;
				COPY_PHASE_STRIP = NO;
				DEBUG_INFORMATION_FORMAT = dwarf;
				ENABLE_STRICT_OBJC_MSGSEND = YES;
				ENABLE_TESTABILITY = YES;
				GCC_C_LANGUAGE_STANDARD = gnu11;
				GCC_DYNAMIC_NO_PIC = NO;
				GCC_NO_COMMON_BLOCKS = YES;
				GCC_OPTIMIZATION_LEVEL = 0;
				GCC_PREPROCESSOR_DEFINITIONS = (
					"DEBUG=1",
					"$(inherited)",
				);
				GCC_WARN_64_TO_32_BIT_CONVERSION = YES;
				GCC_WARN_ABOUT_RETURN_TYPE = YES_ERROR;
				GCC_WARN_UNDECLARED_SELECTOR = YES;
				GCC_WARN_UNINITIALIZED_AUTOS = YES_AGGRESSIVE;
				GCC_WARN_UNUSED_FUNCTION = YES;
				GCC_WARN_UNUSED_VARIABLE = YES;
				IPHONEOS_DEPLOYMENT_TARGET = 13.0;
				MTL_ENABLE_DEBUG_INFO = INCLUDE_SOURCE;
				MTL_FAST_MATH = YES;
				ONLY_ACTIVE_ARCH = YES;
				SDKROOT = iphoneos;
				SWIFT_ACTIVE_COMPILATION_CONDITIONS = DEBUG;
				SWIFT_OPTIMIZATION_LEVEL = "-Onone";
			};
			name = Debug;
		};
		BDE4FBC928B24F22001FCEC1 /* Release */ = {
			isa = XCBuildConfiguration;
			buildSettings = {
				ALWAYS_SEARCH_USER_PATHS = NO;
				CLANG_ANALYZER_NONNULL = YES;
				CLANG_ANALYZER_NUMBER_OBJECT_CONVERSION = YES_AGGRESSIVE;
				CLANG_CXX_LANGUAGE_STANDARD = "gnu++17";
				CLANG_CXX_LIBRARY = "libc++";
				CLANG_ENABLE_MODULES = YES;
				CLANG_ENABLE_OBJC_ARC = YES;
				CLANG_ENABLE_OBJC_WEAK = YES;
				CLANG_WARN_BLOCK_CAPTURE_AUTORELEASING = YES;
				CLANG_WARN_BOOL_CONVERSION = YES;
				CLANG_WARN_COMMA = YES;
				CLANG_WARN_CONSTANT_CONVERSION = YES;
				CLANG_WARN_DEPRECATED_OBJC_IMPLEMENTATIONS = YES;
				CLANG_WARN_DIRECT_OBJC_ISA_USAGE = YES_ERROR;
				CLANG_WARN_DOCUMENTATION_COMMENTS = YES;
				CLANG_WARN_EMPTY_BODY = YES;
				CLANG_WARN_ENUM_CONVERSION = YES;
				CLANG_WARN_INFINITE_RECURSION = YES;
				CLANG_WARN_INT_CONVERSION = YES;
				CLANG_WARN_NON_LITERAL_NULL_CONVERSION = YES;
				CLANG_WARN_OBJC_IMPLICIT_RETAIN_SELF = YES;
				CLANG_WARN_OBJC_LITERAL_CONVERSION = YES;
				CLANG_WARN_OBJC_ROOT_CLASS = YES_ERROR;
				CLANG_WARN_QUOTED_INCLUDE_IN_FRAMEWORK_HEADER = YES;
				CLANG_WARN_RANGE_LOOP_ANALYSIS = YES;
				CLANG_WARN_STRICT_PROTOTYPES = YES;
				CLANG_WARN_SUSPICIOUS_MOVE = YES;
				CLANG_WARN_UNGUARDED_AVAILABILITY = YES_AGGRESSIVE;
				CLANG_WARN_UNREACHABLE_CODE = YES;
				CLANG_WARN__DUPLICATE_METHOD_MATCH = YES;
				COPY_PHASE_STRIP = NO;
				DEBUG_INFORMATION_FORMAT = "dwarf-with-dsym";
				ENABLE_NS_ASSERTIONS = NO;
				ENABLE_STRICT_OBJC_MSGSEND = YES;
				GCC_C_LANGUAGE_STANDARD = gnu11;
				GCC_NO_COMMON_BLOCKS = YES;
				GCC_WARN_64_TO_32_BIT_CONVERSION = YES;
				GCC_WARN_ABOUT_RETURN_TYPE = YES_ERROR;
				GCC_WARN_UNDECLARED_SELECTOR = YES;
				GCC_WARN_UNINITIALIZED_AUTOS = YES_AGGRESSIVE;
				GCC_WARN_UNUSED_FUNCTION = YES;
				GCC_WARN_UNUSED_VARIABLE = YES;
				IPHONEOS_DEPLOYMENT_TARGET = 13.0;
				MTL_ENABLE_DEBUG_INFO = NO;
				MTL_FAST_MATH = YES;
				SDKROOT = iphoneos;
				SWIFT_COMPILATION_MODE = wholemodule;
				SWIFT_OPTIMIZATION_LEVEL = "-O";
				VALIDATE_PRODUCT = YES;
			};
			name = Release;
		};
		BDE4FBCB28B24F22001FCEC1 /* Debug */ = {
			isa = XCBuildConfiguration;
			buildSettings = {
				ASSETCATALOG_COMPILER_APPICON_NAME = AppIcon;
				ASSETCATALOG_COMPILER_GLOBAL_ACCENT_COLOR_NAME = AccentColor;
				CODE_SIGN_STYLE = Automatic;
				CURRENT_PROJECT_VERSION = 1;
				DEVELOPMENT_TEAM = 2WJJ97424C;
				GENERATE_INFOPLIST_FILE = YES;
				INFOPLIST_FILE = "flower-list/Info.plist";
				INFOPLIST_KEY_UIApplicationSupportsIndirectInputEvents = YES;
				INFOPLIST_KEY_UILaunchStoryboardName = LaunchScreen;
				INFOPLIST_KEY_UIMainStoryboardFile = Main;
				INFOPLIST_KEY_UISupportedInterfaceOrientations_iPad = "UIInterfaceOrientationPortrait UIInterfaceOrientationPortraitUpsideDown UIInterfaceOrientationLandscapeLeft UIInterfaceOrientationLandscapeRight";
				INFOPLIST_KEY_UISupportedInterfaceOrientations_iPhone = "UIInterfaceOrientationPortrait UIInterfaceOrientationLandscapeLeft UIInterfaceOrientationLandscapeRight";
				IPHONEOS_DEPLOYMENT_TARGET = 13.0;
				LD_RUNPATH_SEARCH_PATHS = (
					"$(inherited)",
					"@executable_path/Frameworks",
				);
				MARKETING_VERSION = 1.0;
				PRODUCT_BUNDLE_IDENTIFIER = "com.acndemo.flower-list";
				PRODUCT_NAME = "$(TARGET_NAME)";
				SWIFT_EMIT_LOC_STRINGS = YES;
				SWIFT_VERSION = 5.0;
				TARGETED_DEVICE_FAMILY = "1,2";
			};
			name = Debug;
		};
		BDE4FBCC28B24F22001FCEC1 /* Release */ = {
			isa = XCBuildConfiguration;
			buildSettings = {
				ASSETCATALOG_COMPILER_APPICON_NAME = AppIcon;
				ASSETCATALOG_COMPILER_GLOBAL_ACCENT_COLOR_NAME = AccentColor;
				CODE_SIGN_STYLE = Automatic;
				CURRENT_PROJECT_VERSION = 1;
				DEVELOPMENT_TEAM = 2WJJ97424C;
				GENERATE_INFOPLIST_FILE = YES;
				INFOPLIST_FILE = "flower-list/Info.plist";
				INFOPLIST_KEY_UIApplicationSupportsIndirectInputEvents = YES;
				INFOPLIST_KEY_UILaunchStoryboardName = LaunchScreen;
				INFOPLIST_KEY_UIMainStoryboardFile = Main;
				INFOPLIST_KEY_UISupportedInterfaceOrientations_iPad = "UIInterfaceOrientationPortrait UIInterfaceOrientationPortraitUpsideDown UIInterfaceOrientationLandscapeLeft UIInterfaceOrientationLandscapeRight";
				INFOPLIST_KEY_UISupportedInterfaceOrientations_iPhone = "UIInterfaceOrientationPortrait UIInterfaceOrientationLandscapeLeft UIInterfaceOrientationLandscapeRight";
				IPHONEOS_DEPLOYMENT_TARGET = 13.0;
				LD_RUNPATH_SEARCH_PATHS = (
					"$(inherited)",
					"@executable_path/Frameworks",
				);
				MARKETING_VERSION = 1.0;
				PRODUCT_BUNDLE_IDENTIFIER = "com.acndemo.flower-list";
				PRODUCT_NAME = "$(TARGET_NAME)";
				SWIFT_EMIT_LOC_STRINGS = YES;
				SWIFT_VERSION = 5.0;
				TARGETED_DEVICE_FAMILY = "1,2";
			};
			name = Release;
		};
/* End XCBuildConfiguration section */

/* Begin XCConfigurationList section */
		BDE4FBB128B24F1F001FCEC1 /* Build configuration list for PBXProject "flower-list" */ = {
			isa = XCConfigurationList;
			buildConfigurations = (
				BDE4FBC828B24F22001FCEC1 /* Debug */,
				BDE4FBC928B24F22001FCEC1 /* Release */,
			);
			defaultConfigurationIsVisible = 0;
			defaultConfigurationName = Release;
		};
		BDE4FBCA28B24F22001FCEC1 /* Build configuration list for PBXNativeTarget "flower-list" */ = {
			isa = XCConfigurationList;
			buildConfigurations = (
				BDE4FBCB28B24F22001FCEC1 /* Debug */,
				BDE4FBCC28B24F22001FCEC1 /* Release */,
			);
			defaultConfigurationIsVisible = 0;
			defaultConfigurationName = Release;
		};
/* End XCConfigurationList section */
	};
	rootObject = BDE4FBAE28B24F1F001FCEC1 /* Project object */;
}
